
Microsoft Visual Studio Solution File, Format Version 12.00
# Visual Studio 15
VisualStudioVersion = 15.0.27703.2035
MinimumVisualStudioVersion = 10.0.40219.1
Project("{2150E333-8FDC-42A3-9474-1A3956D46DE8}") = "1.1 Presentaion", "1.1 Presentaion", "{8C64F322-514E-43C4-B977-7B1D92BEE413}"
EndProject
Project("{2150E333-8FDC-42A3-9474-1A3956D46DE8}") = "1.2 WebApi", "1.2 WebApi", "{EFD531A9-ED63-4608-AD23-75311AF01319}"
EndProject
Project("{2150E333-8FDC-42A3-9474-1A3956D46DE8}") = "1.3 Business Services", "1.3 Business Services", "{724B0F68-26F1-4C6F-A786-5B29EE0B7150}"
EndProject
Project("{2150E333-8FDC-42A3-9474-1A3956D46DE8}") = "1.4 Repository", "1.4 Repository", "{68D96F9D-82F6-4D9E-AE40-AAD550CDC022}"
EndProject
Project("{2150E333-8FDC-42A3-9474-1A3956D46DE8}") = "1.5 DmsModel", "1.5 DmsModel", "{73DBAE2E-A9AE-4474-8546-44D7FF28AD46}"
EndProject
Project("{2150E333-8FDC-42A3-9474-1A3956D46DE8}") = "1.6 DmsConsole", "1.6 DmsConsole", "{79639935-27F5-450B-A07D-7D09016E9BC9}"
EndProject
Project("{FAE04EC0-301F-11D3-BF4B-00C04F79EFBC}") = "DmsConsole", "DmsConsole\DmsConsole.csproj", "{FFE0ACD8-1AF2-43C9-82E2-9C04E51BE326}"
EndProject
Project("{FAE04EC0-301F-11D3-BF4B-00C04F79EFBC}") = "DmsMvcapp", "DmsMvcapp\DmsMvcapp.csproj", "{9DD626ED-F853-43D3-BBD5-3FA52D9625F4}"
EndProject
Project("{FAE04EC0-301F-11D3-BF4B-00C04F79EFBC}") = "MvcWebApi", "MvcWebApi\MvcWebApi.csproj", "{E46472ED-7BB1-41B4-9D54-B28E9360160F}"
EndProject
Project("{FAE04EC0-301F-11D3-BF4B-00C04F79EFBC}") = "DmsBusinessServices", "DmsBusinessServices\DmsBusinessServices.csproj", "{1E7D5089-5551-4B2B-882D-C674C9358C88}"
EndProject
Project("{FAE04EC0-301F-11D3-BF4B-00C04F79EFBC}") = "DmsRepository", "DmsRepository\DmsRepository.csproj", "{AB0C9C12-9C9F-4490-BD63-3C2C95B2A629}"
EndProject
Project("{FAE04EC0-301F-11D3-BF4B-00C04F79EFBC}") = "DmsModelApp", "DmsModelApp\DmsModelApp.csproj", "{9BE2FA83-F2C1-483F-BFB5-F1445737AF36}"
EndProject
Project("{2150E333-8FDC-42A3-9474-1A3956D46DE8}") = "1.7DmsAppDb", "1.7DmsAppDb", "{281FA1A2-0B72-406C-AB40-4F968FA7BF4A}"
EndProject
Project("{00D1A9C2-B5F0-4AF3-8072-F6C62B433612}") = "DmsAppDb", "DmsAppDb\DmsAppDb.sqlproj", "{79D9D8F7-6D28-45CF-B458-174AA2774110}"
EndProject
Global
	GlobalSection(SolutionConfigurationPlatforms) = preSolution
		Debug|Any CPU = Debug|Any CPU
		Release|Any CPU = Release|Any CPU
	EndGlobalSection
	GlobalSection(ProjectConfigurationPlatforms) = postSolution
		{FFE0ACD8-1AF2-43C9-82E2-9C04E51BE326}.Debug|Any CPU.ActiveCfg = Debug|Any CPU
		{FFE0ACD8-1AF2-43C9-82E2-9C04E51BE326}.Debug|Any CPU.Build.0 = Debug|Any CPU
		{FFE0ACD8-1AF2-43C9-82E2-9C04E51BE326}.Release|Any CPU.ActiveCfg = Release|Any CPU
		{FFE0ACD8-1AF2-43C9-82E2-9C04E51BE326}.Release|Any CPU.Build.0 = Release|Any CPU
		{9DD626ED-F853-43D3-BBD5-3FA52D9625F4}.Debug|Any CPU.ActiveCfg = Debug|Any CPU
		{9DD626ED-F853-43D3-BBD5-3FA52D9625F4}.Debug|Any CPU.Build.0 = Debug|Any CPU
		{9DD626ED-F853-43D3-BBD5-3FA52D9625F4}.Release|Any CPU.ActiveCfg = Release|Any CPU
		{9DD626ED-F853-43D3-BBD5-3FA52D9625F4}.Release|Any CPU.Build.0 = Release|Any CPU
		{E46472ED-7BB1-41B4-9D54-B28E9360160F}.Debug|Any CPU.ActiveCfg = Debug|Any CPU
		{E46472ED-7BB1-41B4-9D54-B28E9360160F}.Debug|Any CPU.Build.0 = Debug|Any CPU
		{E46472ED-7BB1-41B4-9D54-B28E9360160F}.Release|Any CPU.ActiveCfg = Release|Any CPU
		{E46472ED-7BB1-41B4-9D54-B28E9360160F}.Release|Any CPU.Build.0 = Release|Any CPU
		{1E7D5089-5551-4B2B-882D-C674C9358C88}.Debug|Any CPU.ActiveCfg = Debug|Any CPU
		{1E7D5089-5551-4B2B-882D-C674C9358C88}.Debug|Any CPU.Build.0 = Debug|Any CPU
		{1E7D5089-5551-4B2B-882D-C674C9358C88}.Release|Any CPU.ActiveCfg = Release|Any CPU
		{1E7D5089-5551-4B2B-882D-C674C9358C88}.Release|Any CPU.Build.0 = Release|Any CPU
		{AB0C9C12-9C9F-4490-BD63-3C2C95B2A629}.Debug|Any CPU.ActiveCfg = Debug|Any CPU
		{AB0C9C12-9C9F-4490-BD63-3C2C95B2A629}.Debug|Any CPU.Build.0 = Debug|Any CPU
		{AB0C9C12-9C9F-4490-BD63-3C2C95B2A629}.Release|Any CPU.ActiveCfg = Release|Any CPU
		{AB0C9C12-9C9F-4490-BD63-3C2C95B2A629}.Release|Any CPU.Build.0 = Release|Any CPU
		{9BE2FA83-F2C1-483F-BFB5-F1445737AF36}.Debug|Any CPU.ActiveCfg = Debug|Any CPU
		{9BE2FA83-F2C1-483F-BFB5-F1445737AF36}.Debug|Any CPU.Build.0 = Debug|Any CPU
		{9BE2FA83-F2C1-483F-BFB5-F1445737AF36}.Release|Any CPU.ActiveCfg = Release|Any CPU
		{9BE2FA83-F2C1-483F-BFB5-F1445737AF36}.Release|Any CPU.Build.0 = Release|Any CPU
		{79D9D8F7-6D28-45CF-B458-174AA2774110}.Debug|Any CPU.ActiveCfg = Debug|Any CPU
		{79D9D8F7-6D28-45CF-B458-174AA2774110}.Debug|Any CPU.Build.0 = Debug|Any CPU
		{79D9D8F7-6D28-45CF-B458-174AA2774110}.Debug|Any CPU.Deploy.0 = Debug|Any CPU
		{79D9D8F7-6D28-45CF-B458-174AA2774110}.Release|Any CPU.ActiveCfg = Release|Any CPU
		{79D9D8F7-6D28-45CF-B458-174AA2774110}.Release|Any CPU.Build.0 = Release|Any CPU
		{79D9D8F7-6D28-45CF-B458-174AA2774110}.Release|Any CPU.Deploy.0 = Release|Any CPU
	EndGlobalSection
	GlobalSection(SolutionProperties) = preSolution
		HideSolutionNode = FALSE
	EndGlobalSection
	GlobalSection(NestedProjects) = preSolution
		{FFE0ACD8-1AF2-43C9-82E2-9C04E51BE326} = {79639935-27F5-450B-A07D-7D09016E9BC9}
		{9DD626ED-F853-43D3-BBD5-3FA52D9625F4} = {8C64F322-514E-43C4-B977-7B1D92BEE413}
		{E46472ED-7BB1-41B4-9D54-B28E9360160F} = {EFD531A9-ED63-4608-AD23-75311AF01319}
		{1E7D5089-5551-4B2B-882D-C674C9358C88} = {724B0F68-26F1-4C6F-A786-5B29EE0B7150}
		{AB0C9C12-9C9F-4490-BD63-3C2C95B2A629} = {68D96F9D-82F6-4D9E-AE40-AAD550CDC022}
		{9BE2FA83-F2C1-483F-BFB5-F1445737AF36} = {73DBAE2E-A9AE-4474-8546-44D7FF28AD46}
		{79D9D8F7-6D28-45CF-B458-174AA2774110} = {281FA1A2-0B72-406C-AB40-4F968FA7BF4A}
	EndGlobalSection
	GlobalSection(ExtensibilityGlobals) = postSolution
		SolutionGuid = {573BBDD2-1E96-4D61-A873-2A7A371CC612}
	EndGlobalSection
EndGlobal
