
Microsoft Visual Studio Solution File, Format Version 12.00
# Visual Studio 15
VisualStudioVersion = 15.0.27703.2035
MinimumVisualStudioVersion = 10.0.40219.1
Project("{2150E333-8FDC-42A3-9474-1A3956D46DE8}") = "1.1 Presentation", "1.1 Presentation", "{8C64F322-514E-43C4-B977-7B1D92BEE413}"
EndProject
Project("{2150E333-8FDC-42A3-9474-1A3956D46DE8}") = "1.2 WebApi", "1.2 WebApi", "{EFD531A9-ED63-4608-AD23-75311AF01319}"
EndProject
Project("{2150E333-8FDC-42A3-9474-1A3956D46DE8}") = "1.3 Business Services", "1.3 Business Services", "{724B0F68-26F1-4C6F-A786-5B29EE0B7150}"
EndProject
Project("{2150E333-8FDC-42A3-9474-1A3956D46DE8}") = "1.4 Repository", "1.4 Repository", "{68D96F9D-82F6-4D9E-AE40-AAD550CDC022}"
EndProject
Project("{2150E333-8FDC-42A3-9474-1A3956D46DE8}") = "1.5 DmsModel", "1.5 DmsModel", "{73DBAE2E-A9AE-4474-8546-44D7FF28AD46}"
EndProject
Project("{2150E333-8FDC-42A3-9474-1A3956D46DE8}") = "1.6 DmsConsole", "1.6 DmsConsole", "{79639935-27F5-450B-A07D-7D09016E9BC9}"
EndProject
Project("{FAE04EC0-301F-11D3-BF4B-00C04F79EFBC}") = "DmsMvcapp", "DmsMvcapp\DmsMvcapp.csproj", "{9DD626ED-F853-43D3-BBD5-3FA52D9625F4}"
EndProject
Project("{FAE04EC0-301F-11D3-BF4B-00C04F79EFBC}") = "DmsRepository", "DmsRepository\DmsRepository.csproj", "{AB0C9C12-9C9F-4490-BD63-3C2C95B2A629}"
EndProject
Project("{FAE04EC0-301F-11D3-BF4B-00C04F79EFBC}") = "DmsModelApp", "DmsModelApp\DmsModelApp.csproj", "{9BE2FA83-F2C1-483F-BFB5-F1445737AF36}"
EndProject
Project("{FAE04EC0-301F-11D3-BF4B-00C04F79EFBC}") = "DmsConsoleApp", "DmsConsoleApp\DmsConsoleApp.csproj", "{4A3281C6-71D1-4113-BE4B-27E5701158AB}"
EndProject
Project("{2150E333-8FDC-42A3-9474-1A3956D46DE8}") = "1.7 DmsAppDb", "1.7 DmsAppDb", "{648C3848-D60C-45EB-953F-2779C7A7A699}"
EndProject
Project("{00D1A9C2-B5F0-4AF3-8072-F6C62B433612}") = "DmsAppDbProject", "DmsAppDbProject\DmsAppDbProject.sqlproj", "{54E1ACB9-947B-496D-925D-2A1288A44DB1}"
EndProject
Project("{FAE04EC0-301F-11D3-BF4B-00C04F79EFBC}") = "DmsBusiness", "DmsBusiness\DmsBusiness.csproj", "{20A3AF6C-830E-4135-96DA-15AFF50B1F41}"
EndProject
Project("{FAE04EC0-301F-11D3-BF4B-00C04F79EFBC}") = "DmsApi", "DmsApi\DmsApi.csproj", "{A666ACD5-584E-422E-816C-8470D8F88AD4}"
EndProject
Global
	GlobalSection(SolutionConfigurationPlatforms) = preSolution
		Debug|Any CPU = Debug|Any CPU
		Debug|x86 = Debug|x86
		Release|Any CPU = Release|Any CPU
		Release|x86 = Release|x86
	EndGlobalSection
	GlobalSection(ProjectConfigurationPlatforms) = postSolution
		{9DD626ED-F853-43D3-BBD5-3FA52D9625F4}.Debug|Any CPU.ActiveCfg = Debug|Any CPU
		{9DD626ED-F853-43D3-BBD5-3FA52D9625F4}.Debug|Any CPU.Build.0 = Debug|Any CPU
		{9DD626ED-F853-43D3-BBD5-3FA52D9625F4}.Debug|x86.ActiveCfg = Debug|Any CPU
		{9DD626ED-F853-43D3-BBD5-3FA52D9625F4}.Debug|x86.Build.0 = Debug|Any CPU
		{9DD626ED-F853-43D3-BBD5-3FA52D9625F4}.Release|Any CPU.ActiveCfg = Release|Any CPU
		{9DD626ED-F853-43D3-BBD5-3FA52D9625F4}.Release|Any CPU.Build.0 = Release|Any CPU
		{9DD626ED-F853-43D3-BBD5-3FA52D9625F4}.Release|x86.ActiveCfg = Release|Any CPU
		{9DD626ED-F853-43D3-BBD5-3FA52D9625F4}.Release|x86.Build.0 = Release|Any CPU
		{AB0C9C12-9C9F-4490-BD63-3C2C95B2A629}.Debug|Any CPU.ActiveCfg = Debug|Any CPU
		{AB0C9C12-9C9F-4490-BD63-3C2C95B2A629}.Debug|Any CPU.Build.0 = Debug|Any CPU
		{AB0C9C12-9C9F-4490-BD63-3C2C95B2A629}.Debug|x86.ActiveCfg = Debug|Any CPU
		{AB0C9C12-9C9F-4490-BD63-3C2C95B2A629}.Debug|x86.Build.0 = Debug|Any CPU
		{AB0C9C12-9C9F-4490-BD63-3C2C95B2A629}.Release|Any CPU.ActiveCfg = Release|Any CPU
		{AB0C9C12-9C9F-4490-BD63-3C2C95B2A629}.Release|Any CPU.Build.0 = Release|Any CPU
		{AB0C9C12-9C9F-4490-BD63-3C2C95B2A629}.Release|x86.ActiveCfg = Release|Any CPU
		{AB0C9C12-9C9F-4490-BD63-3C2C95B2A629}.Release|x86.Build.0 = Release|Any CPU
		{9BE2FA83-F2C1-483F-BFB5-F1445737AF36}.Debug|Any CPU.ActiveCfg = Debug|Any CPU
		{9BE2FA83-F2C1-483F-BFB5-F1445737AF36}.Debug|Any CPU.Build.0 = Debug|Any CPU
		{9BE2FA83-F2C1-483F-BFB5-F1445737AF36}.Debug|x86.ActiveCfg = Debug|Any CPU
		{9BE2FA83-F2C1-483F-BFB5-F1445737AF36}.Debug|x86.Build.0 = Debug|Any CPU
		{9BE2FA83-F2C1-483F-BFB5-F1445737AF36}.Release|Any CPU.ActiveCfg = Release|Any CPU
		{9BE2FA83-F2C1-483F-BFB5-F1445737AF36}.Release|Any CPU.Build.0 = Release|Any CPU
		{9BE2FA83-F2C1-483F-BFB5-F1445737AF36}.Release|x86.ActiveCfg = Release|Any CPU
		{9BE2FA83-F2C1-483F-BFB5-F1445737AF36}.Release|x86.Build.0 = Release|Any CPU
		{4A3281C6-71D1-4113-BE4B-27E5701158AB}.Debug|Any CPU.ActiveCfg = Debug|Any CPU
		{4A3281C6-71D1-4113-BE4B-27E5701158AB}.Debug|Any CPU.Build.0 = Debug|Any CPU
		{4A3281C6-71D1-4113-BE4B-27E5701158AB}.Debug|x86.ActiveCfg = Debug|Any CPU
		{4A3281C6-71D1-4113-BE4B-27E5701158AB}.Debug|x86.Build.0 = Debug|Any CPU
		{4A3281C6-71D1-4113-BE4B-27E5701158AB}.Release|Any CPU.ActiveCfg = Release|Any CPU
		{4A3281C6-71D1-4113-BE4B-27E5701158AB}.Release|Any CPU.Build.0 = Release|Any CPU
		{4A3281C6-71D1-4113-BE4B-27E5701158AB}.Release|x86.ActiveCfg = Release|Any CPU
		{4A3281C6-71D1-4113-BE4B-27E5701158AB}.Release|x86.Build.0 = Release|Any CPU
		{54E1ACB9-947B-496D-925D-2A1288A44DB1}.Debug|Any CPU.ActiveCfg = Debug|Any CPU
		{54E1ACB9-947B-496D-925D-2A1288A44DB1}.Debug|Any CPU.Build.0 = Debug|Any CPU
		{54E1ACB9-947B-496D-925D-2A1288A44DB1}.Debug|Any CPU.Deploy.0 = Debug|Any CPU
		{54E1ACB9-947B-496D-925D-2A1288A44DB1}.Debug|x86.ActiveCfg = Debug|Any CPU
		{54E1ACB9-947B-496D-925D-2A1288A44DB1}.Debug|x86.Build.0 = Debug|Any CPU
		{54E1ACB9-947B-496D-925D-2A1288A44DB1}.Debug|x86.Deploy.0 = Debug|Any CPU
		{54E1ACB9-947B-496D-925D-2A1288A44DB1}.Release|Any CPU.ActiveCfg = Release|Any CPU
		{54E1ACB9-947B-496D-925D-2A1288A44DB1}.Release|Any CPU.Build.0 = Release|Any CPU
		{54E1ACB9-947B-496D-925D-2A1288A44DB1}.Release|Any CPU.Deploy.0 = Release|Any CPU
		{54E1ACB9-947B-496D-925D-2A1288A44DB1}.Release|x86.ActiveCfg = Release|Any CPU
		{54E1ACB9-947B-496D-925D-2A1288A44DB1}.Release|x86.Build.0 = Release|Any CPU
		{54E1ACB9-947B-496D-925D-2A1288A44DB1}.Release|x86.Deploy.0 = Release|Any CPU
		{20A3AF6C-830E-4135-96DA-15AFF50B1F41}.Debug|Any CPU.ActiveCfg = Debug|Any CPU
		{20A3AF6C-830E-4135-96DA-15AFF50B1F41}.Debug|Any CPU.Build.0 = Debug|Any CPU
		{20A3AF6C-830E-4135-96DA-15AFF50B1F41}.Debug|x86.ActiveCfg = Debug|Any CPU
		{20A3AF6C-830E-4135-96DA-15AFF50B1F41}.Debug|x86.Build.0 = Debug|Any CPU
		{20A3AF6C-830E-4135-96DA-15AFF50B1F41}.Release|Any CPU.ActiveCfg = Release|Any CPU
		{20A3AF6C-830E-4135-96DA-15AFF50B1F41}.Release|Any CPU.Build.0 = Release|Any CPU
		{20A3AF6C-830E-4135-96DA-15AFF50B1F41}.Release|x86.ActiveCfg = Release|Any CPU
		{20A3AF6C-830E-4135-96DA-15AFF50B1F41}.Release|x86.Build.0 = Release|Any CPU
		{A666ACD5-584E-422E-816C-8470D8F88AD4}.Debug|Any CPU.ActiveCfg = Debug|Any CPU
		{A666ACD5-584E-422E-816C-8470D8F88AD4}.Debug|Any CPU.Build.0 = Debug|Any CPU
		{A666ACD5-584E-422E-816C-8470D8F88AD4}.Debug|x86.ActiveCfg = Debug|Any CPU
		{A666ACD5-584E-422E-816C-8470D8F88AD4}.Debug|x86.Build.0 = Debug|Any CPU
		{A666ACD5-584E-422E-816C-8470D8F88AD4}.Release|Any CPU.ActiveCfg = Release|Any CPU
		{A666ACD5-584E-422E-816C-8470D8F88AD4}.Release|Any CPU.Build.0 = Release|Any CPU
		{A666ACD5-584E-422E-816C-8470D8F88AD4}.Release|x86.ActiveCfg = Release|Any CPU
		{A666ACD5-584E-422E-816C-8470D8F88AD4}.Release|x86.Build.0 = Release|Any CPU
	EndGlobalSection
	GlobalSection(SolutionProperties) = preSolution
		HideSolutionNode = FALSE
	EndGlobalSection
	GlobalSection(NestedProjects) = preSolution
		{9DD626ED-F853-43D3-BBD5-3FA52D9625F4} = {8C64F322-514E-43C4-B977-7B1D92BEE413}
		{AB0C9C12-9C9F-4490-BD63-3C2C95B2A629} = {68D96F9D-82F6-4D9E-AE40-AAD550CDC022}
		{9BE2FA83-F2C1-483F-BFB5-F1445737AF36} = {73DBAE2E-A9AE-4474-8546-44D7FF28AD46}
		{4A3281C6-71D1-4113-BE4B-27E5701158AB} = {79639935-27F5-450B-A07D-7D09016E9BC9}
		{54E1ACB9-947B-496D-925D-2A1288A44DB1} = {648C3848-D60C-45EB-953F-2779C7A7A699}
		{20A3AF6C-830E-4135-96DA-15AFF50B1F41} = {724B0F68-26F1-4C6F-A786-5B29EE0B7150}
		{A666ACD5-584E-422E-816C-8470D8F88AD4} = {EFD531A9-ED63-4608-AD23-75311AF01319}
	EndGlobalSection
	GlobalSection(ExtensibilityGlobals) = postSolution
		SolutionGuid = {573BBDD2-1E96-4D61-A873-2A7A371CC612}
	EndGlobalSection
EndGlobal
